
Microsoft Visual Studio Solution File, Format Version 12.00
# Visual Studio Version 16
VisualStudioVersion = 16.0.31624.102
MinimumVisualStudioVersion = 10.0.40219.1
Project("{FAE04EC0-301F-11D3-BF4B-00C04F79EFBC}") = "whatsTheWeather.Server", "whatsTheWeather\Server\whatsTheWeather.Server.csproj", "{1C9D6F70-7037-4E21-B8B0-75EA65C9A216}"
EndProject
Project("{FAE04EC0-301F-11D3-BF4B-00C04F79EFBC}") = "whatsTheWeather.Client", "whatsTheWeather\Client\whatsTheWeather.Client.csproj", "{8B5059C6-9C4F-4EB9-B92F-98AA8D764A37}"
EndProject
Project("{FAE04EC0-301F-11D3-BF4B-00C04F79EFBC}") = "whatsTheWeather.Shared", "whatsTheWeather\Shared\whatsTheWeather.Shared.csproj", "{7718283F-D16E-47BB-BC18-EE4FBF694F44}"
EndProject
Global
	GlobalSection(SolutionConfigurationPlatforms) = preSolution
		Debug|Any CPU = Debug|Any CPU
		Release|Any CPU = Release|Any CPU
	EndGlobalSection
	GlobalSection(ProjectConfigurationPlatforms) = postSolution
		{1C9D6F70-7037-4E21-B8B0-75EA65C9A216}.Debug|Any CPU.ActiveCfg = Debug|Any CPU
		{1C9D6F70-7037-4E21-B8B0-75EA65C9A216}.Debug|Any CPU.Build.0 = Debug|Any CPU
		{1C9D6F70-7037-4E21-B8B0-75EA65C9A216}.Release|Any CPU.ActiveCfg = Release|Any CPU
		{1C9D6F70-7037-4E21-B8B0-75EA65C9A216}.Release|Any CPU.Build.0 = Release|Any CPU
		{8B5059C6-9C4F-4EB9-B92F-98AA8D764A37}.Debug|Any CPU.ActiveCfg = Debug|Any CPU
		{8B5059C6-9C4F-4EB9-B92F-98AA8D764A37}.Debug|Any CPU.Build.0 = Debug|Any CPU
		{8B5059C6-9C4F-4EB9-B92F-98AA8D764A37}.Release|Any CPU.ActiveCfg = Release|Any CPU
		{8B5059C6-9C4F-4EB9-B92F-98AA8D764A37}.Release|Any CPU.Build.0 = Release|Any CPU
		{7718283F-D16E-47BB-BC18-EE4FBF694F44}.Debug|Any CPU.ActiveCfg = Debug|Any CPU
		{7718283F-D16E-47BB-BC18-EE4FBF694F44}.Debug|Any CPU.Build.0 = Debug|Any CPU
		{7718283F-D16E-47BB-BC18-EE4FBF694F44}.Release|Any CPU.ActiveCfg = Release|Any CPU
		{7718283F-D16E-47BB-BC18-EE4FBF694F44}.Release|Any CPU.Build.0 = Release|Any CPU
	EndGlobalSection
	GlobalSection(SolutionProperties) = preSolution
		HideSolutionNode = FALSE
	EndGlobalSection
	GlobalSection(ExtensibilityGlobals) = postSolution
		SolutionGuid = {1B8EA599-9BD6-4DCD-8941-432E8643ED3F}
	EndGlobalSection
EndGlobal
